
Microsoft Visual Studio Solution File, Format Version 12.00
# Visual Studio Version 16
VisualStudioVersion = 16.0.29230.61
MinimumVisualStudioVersion = 10.0.40219.1
Project("{9A19103F-16F7-4668-BE54-9A1E7A4F7556}") = "ImageViewer", "ImageViewer\ImageViewer.csproj", "{431EDFC8-CFB3-4CFB-BADC-FC4A71A255B9}"
EndProject
Project("{9A19103F-16F7-4668-BE54-9A1E7A4F7556}") = "ImageViewer.Tests", "ImageViewer.Tests\ImageViewer.Tests.csproj", "{19FCDA37-B088-4459-84CB-345CC0536BAD}"
EndProject
Project("{2150E333-8FDC-42A3-9474-1A3956D46DE8}") = "Solution Items", "Solution Items", "{80536C71-8E3D-40C3-AA38-170EF86BF8A4}"
	ProjectSection(SolutionItems) = preProject
		appveyor.yml = appveyor.yml
		Setup\ImageViewer_setup.nsi = Setup\ImageViewer_setup.nsi
	EndProjectSection
EndProject
Global
	GlobalSection(SolutionConfigurationPlatforms) = preSolution
		Debug|x64 = Debug|x64
		Debug|x86 = Debug|x86
		Release|x64 = Release|x64
		Release|x86 = Release|x86
	EndGlobalSection
	GlobalSection(ProjectConfigurationPlatforms) = postSolution
		{431EDFC8-CFB3-4CFB-BADC-FC4A71A255B9}.Debug|x64.ActiveCfg = Debug|x64
		{431EDFC8-CFB3-4CFB-BADC-FC4A71A255B9}.Debug|x64.Build.0 = Debug|x64
		{431EDFC8-CFB3-4CFB-BADC-FC4A71A255B9}.Debug|x86.ActiveCfg = Debug|x86
		{431EDFC8-CFB3-4CFB-BADC-FC4A71A255B9}.Debug|x86.Build.0 = Debug|x86
		{19FCDA37-B088-4459-84CB-345CC0536BAD}.Debug|x64.ActiveCfg = Debug|x64
		{19FCDA37-B088-4459-84CB-345CC0536BAD}.Debug|x64.Build.0 = Debug|x64
		{19FCDA37-B088-4459-84CB-345CC0536BAD}.Debug|x86.ActiveCfg = Debug|x86
		{19FCDA37-B088-4459-84CB-345CC0536BAD}.Debug|x86.Build.0 = Debug|x86
	EndGlobalSection
	GlobalSection(SolutionProperties) = preSolution
		HideSolutionNode = FALSE
	EndGlobalSection
	GlobalSection(ExtensibilityGlobals) = postSolution
		SolutionGuid = {285B468D-8E1F-4138-BBF0-3ECCCCB041EB}
	EndGlobalSection
	GlobalSection(Performance) = preSolution
		HasPerformanceSessions = true
	EndGlobalSection
EndGlobal
